
Microsoft Visual Studio Solution File, Format Version 12.00
# Visual Studio Version 17
VisualStudioVersion = 17.3.32922.545
MinimumVisualStudioVersion = 10.0.40219.1
Project("{FAE04EC0-301F-11D3-BF4B-00C04F79EFBC}") = "DesafioBackEnd", "DesafioBackEnd.csproj", "{CCDF5D79-783C-48E7-B746-C1366C4DD51D}"
EndProject
Global
	GlobalSection(SolutionConfigurationPlatforms) = preSolution
		Debug|Any CPU = Debug|Any CPU
		Release|Any CPU = Release|Any CPU
	EndGlobalSection
	GlobalSection(ProjectConfigurationPlatforms) = postSolution
		{CCDF5D79-783C-48E7-B746-C1366C4DD51D}.Debug|Any CPU.ActiveCfg = Debug|Any CPU
		{CCDF5D79-783C-48E7-B746-C1366C4DD51D}.Debug|Any CPU.Build.0 = Debug|Any CPU
		{CCDF5D79-783C-48E7-B746-C1366C4DD51D}.Release|Any CPU.ActiveCfg = Release|Any CPU
		{CCDF5D79-783C-48E7-B746-C1366C4DD51D}.Release|Any CPU.Build.0 = Release|Any CPU
	EndGlobalSection
	GlobalSection(SolutionProperties) = preSolution
		HideSolutionNode = FALSE
	EndGlobalSection
	GlobalSection(ExtensibilityGlobals) = postSolution
		SolutionGuid = {6E0715AE-56E4-4EA3-B66C-45FD946A306C}
	EndGlobalSection
EndGlobal
